
Microsoft Visual Studio Solution File, Format Version 12.00
# Visual Studio 15
VisualStudioVersion = 15.0.27004.2009
MinimumVisualStudioVersion = 10.0.40219.1
Project("{2150E333-8FDC-42A3-9474-1A3956D46DE8}") = "src", "src", "{9F09AD5D-16FC-42E2-9604-9DE2000DC575}"
EndProject
Project("{2150E333-8FDC-42A3-9474-1A3956D46DE8}") = "test", "test", "{CA871726-8A43-4733-B810-57BC4FCBAD7F}"
EndProject
Project("{2150E333-8FDC-42A3-9474-1A3956D46DE8}") = "1.0 - Presentation", "1.0 - Presentation", "{3F69624A-8D7C-4747-ADA7-E445FD554301}"
EndProject
Project("{FAE04EC0-301F-11D3-BF4B-00C04F79EFBC}") = "Presentation.ConsoleApplication", "src\Presentation.ConsoleApplication\Presentation.ConsoleApplication.csproj", "{15712774-9949-4D77-8398-C49403D39DFA}"
EndProject
Project("{2150E333-8FDC-42A3-9474-1A3956D46DE8}") = "1.1 - Application", "1.1 - Application", "{33916F85-9520-4910-B55D-09A7ACB200C4}"
EndProject
Project("{2150E333-8FDC-42A3-9474-1A3956D46DE8}") = "1.2 - Domain", "1.2 - Domain", "{830B9D98-17AE-4895-BC58-1E89C5DE9205}"
EndProject
Project("{2150E333-8FDC-42A3-9474-1A3956D46DE8}") = "1.3 - Data", "1.3 - Data", "{E2E85276-8998-4C73-8974-5F605D88955E}"
EndProject
Project("{2150E333-8FDC-42A3-9474-1A3956D46DE8}") = "1.4 - Infrastructure", "1.4 - Infrastructure", "{875C5D41-C0A1-4363-920B-199BA92FDA06}"
EndProject
Project("{FAE04EC0-301F-11D3-BF4B-00C04F79EFBC}") = "Application.Consumers", "src\Application.Consumers\Application.Consumers.csproj", "{95F5362D-76AF-4657-81FD-170313C7888C}"
EndProject
Project("{FAE04EC0-301F-11D3-BF4B-00C04F79EFBC}") = "Data.Repositories", "src\Data.Repositories\Data.Repositories.csproj", "{1F29B116-0441-4D29-A302-011E2683EEDF}"
EndProject
Global
	GlobalSection(SolutionConfigurationPlatforms) = preSolution
		Debug|Any CPU = Debug|Any CPU
		Release|Any CPU = Release|Any CPU
	EndGlobalSection
	GlobalSection(ProjectConfigurationPlatforms) = postSolution
		{15712774-9949-4D77-8398-C49403D39DFA}.Debug|Any CPU.ActiveCfg = Debug|Any CPU
		{15712774-9949-4D77-8398-C49403D39DFA}.Debug|Any CPU.Build.0 = Debug|Any CPU
		{15712774-9949-4D77-8398-C49403D39DFA}.Release|Any CPU.ActiveCfg = Release|Any CPU
		{15712774-9949-4D77-8398-C49403D39DFA}.Release|Any CPU.Build.0 = Release|Any CPU
		{95F5362D-76AF-4657-81FD-170313C7888C}.Debug|Any CPU.ActiveCfg = Debug|Any CPU
		{95F5362D-76AF-4657-81FD-170313C7888C}.Debug|Any CPU.Build.0 = Debug|Any CPU
		{95F5362D-76AF-4657-81FD-170313C7888C}.Release|Any CPU.ActiveCfg = Release|Any CPU
		{95F5362D-76AF-4657-81FD-170313C7888C}.Release|Any CPU.Build.0 = Release|Any CPU
		{1F29B116-0441-4D29-A302-011E2683EEDF}.Debug|Any CPU.ActiveCfg = Debug|Any CPU
		{1F29B116-0441-4D29-A302-011E2683EEDF}.Debug|Any CPU.Build.0 = Debug|Any CPU
		{1F29B116-0441-4D29-A302-011E2683EEDF}.Release|Any CPU.ActiveCfg = Release|Any CPU
		{1F29B116-0441-4D29-A302-011E2683EEDF}.Release|Any CPU.Build.0 = Release|Any CPU
	EndGlobalSection
	GlobalSection(SolutionProperties) = preSolution
		HideSolutionNode = FALSE
	EndGlobalSection
	GlobalSection(NestedProjects) = preSolution
		{3F69624A-8D7C-4747-ADA7-E445FD554301} = {9F09AD5D-16FC-42E2-9604-9DE2000DC575}
		{15712774-9949-4D77-8398-C49403D39DFA} = {3F69624A-8D7C-4747-ADA7-E445FD554301}
		{33916F85-9520-4910-B55D-09A7ACB200C4} = {9F09AD5D-16FC-42E2-9604-9DE2000DC575}
		{830B9D98-17AE-4895-BC58-1E89C5DE9205} = {9F09AD5D-16FC-42E2-9604-9DE2000DC575}
		{E2E85276-8998-4C73-8974-5F605D88955E} = {9F09AD5D-16FC-42E2-9604-9DE2000DC575}
		{875C5D41-C0A1-4363-920B-199BA92FDA06} = {9F09AD5D-16FC-42E2-9604-9DE2000DC575}
		{95F5362D-76AF-4657-81FD-170313C7888C} = {33916F85-9520-4910-B55D-09A7ACB200C4}
		{1F29B116-0441-4D29-A302-011E2683EEDF} = {E2E85276-8998-4C73-8974-5F605D88955E}
	EndGlobalSection
	GlobalSection(ExtensibilityGlobals) = postSolution
		SolutionGuid = {B68EE895-D8BE-45DF-94FC-9317786B6006}
	EndGlobalSection
EndGlobal
